
Microsoft Visual Studio Solution File, Format Version 12.00
# Visual Studio Version 17
VisualStudioVersion = 17.14.36109.1 d17.14
MinimumVisualStudioVersion = 10.0.40219.1
Project("{FAE04EC0-301F-11D3-BF4B-00C04F79EFBC}") = "Chess", "Chess\Chess.csproj", "{DEAFF520-E351-4D89-ACFB-A60AE28E9447}"
EndProject
Global
	GlobalSection(SolutionConfigurationPlatforms) = preSolution
		Debug|Any CPU = Debug|Any CPU
		Release|Any CPU = Release|Any CPU
	EndGlobalSection
	GlobalSection(ProjectConfigurationPlatforms) = postSolution
		{DEAFF520-E351-4D89-ACFB-A60AE28E9447}.Debug|Any CPU.ActiveCfg = Debug|Any CPU
		{DEAFF520-E351-4D89-ACFB-A60AE28E9447}.Debug|Any CPU.Build.0 = Debug|Any CPU
		{DEAFF520-E351-4D89-ACFB-A60AE28E9447}.Release|Any CPU.ActiveCfg = Release|Any CPU
		{DEAFF520-E351-4D89-ACFB-A60AE28E9447}.Release|Any CPU.Build.0 = Release|Any CPU
	EndGlobalSection
	GlobalSection(SolutionProperties) = preSolution
		HideSolutionNode = FALSE
	EndGlobalSection
	GlobalSection(ExtensibilityGlobals) = postSolution
		SolutionGuid = {A3E55C25-4C59-41B4-8788-75560D446F06}
	EndGlobalSection
EndGlobal
